Microsoft Visual Studio Solution File, Format Version 12.00
# Visual Studio Version 17
VisualStudioVersion = 17.5.2.0
MinimumVisualStudioVersion = 10.0.40219.1
Project("{FAE04EC0-301F-11D3-BF4B-00C04F79EFBC}") = "Library_Project", "Library_Project.csproj", "{F6149568-7B0C-57B1-EDCE-D7F6EAC2398A}"
EndProject
Global
	GlobalSection(SolutionConfigurationPlatforms) = preSolution
		Debug|Any CPU = Debug|Any CPU
		Release|Any CPU = Release|Any CPU
	EndGlobalSection
	GlobalSection(ProjectConfigurationPlatforms) = postSolution
		{F6149568-7B0C-57B1-EDCE-D7F6EAC2398A}.Debug|Any CPU.ActiveCfg = Debug|Any CPU
		{F6149568-7B0C-57B1-EDCE-D7F6EAC2398A}.Debug|Any CPU.Build.0 = Debug|Any CPU
		{F6149568-7B0C-57B1-EDCE-D7F6EAC2398A}.Release|Any CPU.ActiveCfg = Release|Any CPU
		{F6149568-7B0C-57B1-EDCE-D7F6EAC2398A}.Release|Any CPU.Build.0 = Release|Any CPU
	EndGlobalSection
	GlobalSection(SolutionProperties) = preSolution
		HideSolutionNode = FALSE
	EndGlobalSection
	GlobalSection(ExtensibilityGlobals) = postSolution
		SolutionGuid = {0CAAFF1A-3CA3-4F11-9C96-C6C65DB7AE3C}
	EndGlobalSection
EndGlobal
